
Microsoft Visual Studio Solution File, Format Version 12.00
# Visual Studio Version 17
VisualStudioVersion = 17.13.35931.197
MinimumVisualStudioVersion = 10.0.40219.1
Project("{FAE04EC0-301F-11D3-BF4B-00C04F79EFBC}") = "Stacks", "Stacks\Stacks.csproj", "{06F582E1-AB14-4B61-8110-B3700CEA8613}"
EndProject
Project("{FAE04EC0-301F-11D3-BF4B-00C04F79EFBC}") = "Queues", "Queues\Queues.csproj", "{7A262603-7DDD-4386-A54D-4E39BBE83DAB}"
EndProject
Project("{FAE04EC0-301F-11D3-BF4B-00C04F79EFBC}") = "BubbleSort", "BubbleSort\BubbleSort.csproj", "{AF2F8207-A4AB-4B57-9067-C4E21BB7BB90}"
EndProject
Global
	GlobalSection(SolutionConfigurationPlatforms) = preSolution
		Debug|Any CPU = Debug|Any CPU
		Release|Any CPU = Release|Any CPU
	EndGlobalSection
	GlobalSection(ProjectConfigurationPlatforms) = postSolution
		{06F582E1-AB14-4B61-8110-B3700CEA8613}.Debug|Any CPU.ActiveCfg = Debug|Any CPU
		{06F582E1-AB14-4B61-8110-B3700CEA8613}.Debug|Any CPU.Build.0 = Debug|Any CPU
		{06F582E1-AB14-4B61-8110-B3700CEA8613}.Release|Any CPU.ActiveCfg = Release|Any CPU
		{06F582E1-AB14-4B61-8110-B3700CEA8613}.Release|Any CPU.Build.0 = Release|Any CPU
		{7A262603-7DDD-4386-A54D-4E39BBE83DAB}.Debug|Any CPU.ActiveCfg = Debug|Any CPU
		{7A262603-7DDD-4386-A54D-4E39BBE83DAB}.Debug|Any CPU.Build.0 = Debug|Any CPU
		{7A262603-7DDD-4386-A54D-4E39BBE83DAB}.Release|Any CPU.ActiveCfg = Release|Any CPU
		{7A262603-7DDD-4386-A54D-4E39BBE83DAB}.Release|Any CPU.Build.0 = Release|Any CPU
		{AF2F8207-A4AB-4B57-9067-C4E21BB7BB90}.Debug|Any CPU.ActiveCfg = Debug|Any CPU
		{AF2F8207-A4AB-4B57-9067-C4E21BB7BB90}.Debug|Any CPU.Build.0 = Debug|Any CPU
		{AF2F8207-A4AB-4B57-9067-C4E21BB7BB90}.Release|Any CPU.ActiveCfg = Release|Any CPU
		{AF2F8207-A4AB-4B57-9067-C4E21BB7BB90}.Release|Any CPU.Build.0 = Release|Any CPU
	EndGlobalSection
	GlobalSection(SolutionProperties) = preSolution
		HideSolutionNode = FALSE
	EndGlobalSection
	GlobalSection(ExtensibilityGlobals) = postSolution
		SolutionGuid = {ACEE5B9D-4FB8-4C6C-B486-3488379D2F21}
	EndGlobalSection
EndGlobal
