
Microsoft Visual Studio Solution File, Format Version 12.00
# Visual Studio Version 17
VisualStudioVersion = 17.13.35931.197
MinimumVisualStudioVersion = 10.0.40219.1
Project("{FAE04EC0-301F-11D3-BF4B-00C04F79EFBC}") = "Stacks", "Stacks\Stacks.csproj", "{06F582E1-AB14-4B61-8110-B3700CEA8613}"
EndProject
Project("{FAE04EC0-301F-11D3-BF4B-00C04F79EFBC}") = "Queues", "Queues\Queues.csproj", "{7A262603-7DDD-4386-A54D-4E39BBE83DAB}"
EndProject
Project("{FAE04EC0-301F-11D3-BF4B-00C04F79EFBC}") = "BubbleSort", "BubbleSort\BubbleSort.csproj", "{AF2F8207-A4AB-4B57-9067-C4E21BB7BB90}"
EndProject
Project("{FAE04EC0-301F-11D3-BF4B-00C04F79EFBC}") = "InsertionSort", "InsertionSort\InsertionSort.csproj", "{4B92F799-A031-4113-A494-CD89F53B88B7}"
EndProject
Project("{FAE04EC0-301F-11D3-BF4B-00C04F79EFBC}") = "QuickSort", "QuickSort\QuickSort.csproj", "{D6A167AD-234F-4892-88AF-F2CB21B3021C}"
EndProject
Project("{2150E333-8FDC-42A3-9474-1A3956D46DE8}") = "Practise", "Practise", "{02EA681E-C7D8-13C7-8484-4AC65E1B71E8}"
EndProject
Project("{FAE04EC0-301F-11D3-BF4B-00C04F79EFBC}") = "2D Array", "2D Array\2D Array.csproj", "{4C6639AE-3231-4FD1-A233-F63B7A9E49B9}"
EndProject
Global
	GlobalSection(SolutionConfigurationPlatforms) = preSolution
		Debug|Any CPU = Debug|Any CPU
		Release|Any CPU = Release|Any CPU
	EndGlobalSection
	GlobalSection(ProjectConfigurationPlatforms) = postSolution
		{06F582E1-AB14-4B61-8110-B3700CEA8613}.Debug|Any CPU.ActiveCfg = Debug|Any CPU
		{06F582E1-AB14-4B61-8110-B3700CEA8613}.Debug|Any CPU.Build.0 = Debug|Any CPU
		{06F582E1-AB14-4B61-8110-B3700CEA8613}.Release|Any CPU.ActiveCfg = Release|Any CPU
		{06F582E1-AB14-4B61-8110-B3700CEA8613}.Release|Any CPU.Build.0 = Release|Any CPU
		{7A262603-7DDD-4386-A54D-4E39BBE83DAB}.Debug|Any CPU.ActiveCfg = Debug|Any CPU
		{7A262603-7DDD-4386-A54D-4E39BBE83DAB}.Debug|Any CPU.Build.0 = Debug|Any CPU
		{7A262603-7DDD-4386-A54D-4E39BBE83DAB}.Release|Any CPU.ActiveCfg = Release|Any CPU
		{7A262603-7DDD-4386-A54D-4E39BBE83DAB}.Release|Any CPU.Build.0 = Release|Any CPU
		{AF2F8207-A4AB-4B57-9067-C4E21BB7BB90}.Debug|Any CPU.ActiveCfg = Debug|Any CPU
		{AF2F8207-A4AB-4B57-9067-C4E21BB7BB90}.Debug|Any CPU.Build.0 = Debug|Any CPU
		{AF2F8207-A4AB-4B57-9067-C4E21BB7BB90}.Release|Any CPU.ActiveCfg = Release|Any CPU
		{AF2F8207-A4AB-4B57-9067-C4E21BB7BB90}.Release|Any CPU.Build.0 = Release|Any CPU
		{4B92F799-A031-4113-A494-CD89F53B88B7}.Debug|Any CPU.ActiveCfg = Debug|Any CPU
		{4B92F799-A031-4113-A494-CD89F53B88B7}.Debug|Any CPU.Build.0 = Debug|Any CPU
		{4B92F799-A031-4113-A494-CD89F53B88B7}.Release|Any CPU.ActiveCfg = Release|Any CPU
		{4B92F799-A031-4113-A494-CD89F53B88B7}.Release|Any CPU.Build.0 = Release|Any CPU
		{D6A167AD-234F-4892-88AF-F2CB21B3021C}.Debug|Any CPU.ActiveCfg = Debug|Any CPU
		{D6A167AD-234F-4892-88AF-F2CB21B3021C}.Debug|Any CPU.Build.0 = Debug|Any CPU
		{D6A167AD-234F-4892-88AF-F2CB21B3021C}.Release|Any CPU.ActiveCfg = Release|Any CPU
		{D6A167AD-234F-4892-88AF-F2CB21B3021C}.Release|Any CPU.Build.0 = Release|Any CPU
		{4C6639AE-3231-4FD1-A233-F63B7A9E49B9}.Debug|Any CPU.ActiveCfg = Debug|Any CPU
		{4C6639AE-3231-4FD1-A233-F63B7A9E49B9}.Debug|Any CPU.Build.0 = Debug|Any CPU
		{4C6639AE-3231-4FD1-A233-F63B7A9E49B9}.Release|Any CPU.ActiveCfg = Release|Any CPU
		{4C6639AE-3231-4FD1-A233-F63B7A9E49B9}.Release|Any CPU.Build.0 = Release|Any CPU
	EndGlobalSection
	GlobalSection(SolutionProperties) = preSolution
		HideSolutionNode = FALSE
	EndGlobalSection
	GlobalSection(NestedProjects) = preSolution
		{4C6639AE-3231-4FD1-A233-F63B7A9E49B9} = {02EA681E-C7D8-13C7-8484-4AC65E1B71E8}
	EndGlobalSection
	GlobalSection(ExtensibilityGlobals) = postSolution
		SolutionGuid = {ACEE5B9D-4FB8-4C6C-B486-3488379D2F21}
	EndGlobalSection
EndGlobal
